// !$*UTF8*$!
{
	archiveVersion = 1;
	classes = {
	};
	objectVersion = 52;
	objects = {

/* Begin PBXBuildFile section */
		521FC22F23EC6B6600446D56 /* AppDelegate.swift in Sources */ = {isa = PBXBuildFile; fileRef = 521FC22E23EC6B6600446D56 /* AppDelegate.swift */; };
		521FC23123EC6B6600446D56 /* SceneDelegate.swift in Sources */ = {isa = PBXBuildFile; fileRef = 521FC23023EC6B6600446D56 /* SceneDelegate.swift */; };
		521FC23823EC6B6900446D56 /* Assets.xcassets in Resources */ = {isa = PBXBuildFile; fileRef = 521FC23723EC6B6900446D56 /* Assets.xcassets */; };
		521FC23B23EC6B6900446D56 /* LaunchScreen.storyboard in Resources */ = {isa = PBXBuildFile; fileRef = 521FC23923EC6B6900446D56 /* LaunchScreen.storyboard */; };
		521FC24623EC6B6900446D56 /* NYTopSellerTests.swift in Sources */ = {isa = PBXBuildFile; fileRef = 521FC24523EC6B6900446D56 /* NYTopSellerTests.swift */; };
		521FC25323EC6C1D00446D56 /* TabBarVC.swift in Sources */ = {isa = PBXBuildFile; fileRef = 521FC25223EC6C1D00446D56 /* TabBarVC.swift */; };
		521FC25623EC6DE300446D56 /* NewsFeedVC.swift in Sources */ = {isa = PBXBuildFile; fileRef = 521FC25523EC6DE300446D56 /* NewsFeedVC.swift */; };
		521FC25823EC6DEF00446D56 /* ReadLaterVC.swift in Sources */ = {isa = PBXBuildFile; fileRef = 521FC25723EC6DEF00446D56 /* ReadLaterVC.swift */; };
		521FC25A23EC6E0900446D56 /* SettingsVC.swift in Sources */ = {isa = PBXBuildFile; fileRef = 521FC25923EC6E0900446D56 /* SettingsVC.swift */; };
		521FC25D23EC6E3D00446D56 /* Model.swift in Sources */ = {isa = PBXBuildFile; fileRef = 521FC25C23EC6E3D00446D56 /* Model.swift */; };
		521FC26023EC6E5C00446D56 /* NYTimesAPI.swift in Sources */ = {isa = PBXBuildFile; fileRef = 521FC25F23EC6E5C00446D56 /* NYTimesAPI.swift */; };
		521FC26323EC714000446D56 /* NewsFeedView.swift in Sources */ = {isa = PBXBuildFile; fileRef = 521FC26223EC714000446D56 /* NewsFeedView.swift */; };
		521FC26623EC865000446D56 /* ImageKit in Frameworks */ = {isa = PBXBuildFile; productRef = 521FC26523EC865000446D56 /* ImageKit */; };
/* End PBXBuildFile section */

/* Begin PBXContainerItemProxy section */
		521FC24223EC6B6900446D56 /* PBXContainerItemProxy */ = {
			isa = PBXContainerItemProxy;
			containerPortal = 521FC22323EC6B6600446D56 /* Project object */;
			proxyType = 1;
			remoteGlobalIDString = 521FC22A23EC6B6600446D56;
			remoteInfo = NYTopSeller;
		};
/* End PBXContainerItemProxy section */

/* Begin PBXFileReference section */
		521FC22B23EC6B6600446D56 /* NYTopSeller.app */ = {isa = PBXFileReference; explicitFileType = wrapper.application; includeInIndex = 0; path = NYTopSeller.app; sourceTree = BUILT_PRODUCTS_DIR; };
		521FC22E23EC6B6600446D56 /* AppDelegate.swift */ = {isa = PBXFileReference; lastKnownFileType = sourcecode.swift; path = AppDelegate.swift; sourceTree = "<group>"; };
		521FC23023EC6B6600446D56 /* SceneDelegate.swift */ = {isa = PBXFileReference; lastKnownFileType = sourcecode.swift; path = SceneDelegate.swift; sourceTree = "<group>"; };
		521FC23723EC6B6900446D56 /* Assets.xcassets */ = {isa = PBXFileReference; lastKnownFileType = folder.assetcatalog; path = Assets.xcassets; sourceTree = "<group>"; };
		521FC23A23EC6B6900446D56 /* Base */ = {isa = PBXFileReference; lastKnownFileType = file.storyboard; name = Base; path = Base.lproj/LaunchScreen.storyboard; sourceTree = "<group>"; };
		521FC23C23EC6B6900446D56 /* Info.plist */ = {isa = PBXFileReference; lastKnownFileType = text.plist.xml; path = Info.plist; sourceTree = "<group>"; };
		521FC24123EC6B6900446D56 /* NYTopSellerTests.xctest */ = {isa = PBXFileReference; explicitFileType = wrapper.cfbundle; includeInIndex = 0; path = NYTopSellerTests.xctest; sourceTree = BUILT_PRODUCTS_DIR; };
		521FC24523EC6B6900446D56 /* NYTopSellerTests.swift */ = {isa = PBXFileReference; lastKnownFileType = sourcecode.swift; path = NYTopSellerTests.swift; sourceTree = "<group>"; };
		521FC24723EC6B6900446D56 /* Info.plist */ = {isa = PBXFileReference; lastKnownFileType = text.plist.xml; path = Info.plist; sourceTree = "<group>"; };
		521FC25223EC6C1D00446D56 /* TabBarVC.swift */ = {isa = PBXFileReference; lastKnownFileType = sourcecode.swift; path = TabBarVC.swift; sourceTree = "<group>"; };
		521FC25523EC6DE300446D56 /* NewsFeedVC.swift */ = {isa = PBXFileReference; lastKnownFileType = sourcecode.swift; path = NewsFeedVC.swift; sourceTree = "<group>"; };
		521FC25723EC6DEF00446D56 /* ReadLaterVC.swift */ = {isa = PBXFileReference; lastKnownFileType = sourcecode.swift; path = ReadLaterVC.swift; sourceTree = "<group>"; };
		521FC25923EC6E0900446D56 /* SettingsVC.swift */ = {isa = PBXFileReference; lastKnownFileType = sourcecode.swift; path = SettingsVC.swift; sourceTree = "<group>"; };
		521FC25C23EC6E3D00446D56 /* Model.swift */ = {isa = PBXFileReference; lastKnownFileType = sourcecode.swift; path = Model.swift; sourceTree = "<group>"; };
		521FC25F23EC6E5C00446D56 /* NYTimesAPI.swift */ = {isa = PBXFileReference; lastKnownFileType = sourcecode.swift; path = NYTimesAPI.swift; sourceTree = "<group>"; };
		521FC26223EC714000446D56 /* NewsFeedView.swift */ = {isa = PBXFileReference; lastKnownFileType = sourcecode.swift; path = NewsFeedView.swift; sourceTree = "<group>"; };
/* End PBXFileReference section */

/* Begin PBXFrameworksBuildPhase section */
		521FC22823EC6B6600446D56 /* Frameworks */ = {
			isa = PBXFrameworksBuildPhase;
			buildActionMask = 2147483647;
			files = (
				521FC26623EC865000446D56 /* ImageKit in Frameworks */,
			);
			runOnlyForDeploymentPostprocessing = 0;
		};
		521FC23E23EC6B6900446D56 /* Frameworks */ = {
			isa = PBXFrameworksBuildPhase;
			buildActionMask = 2147483647;
			files = (
			);
			runOnlyForDeploymentPostprocessing = 0;
		};
/* End PBXFrameworksBuildPhase section */

/* Begin PBXGroup section */
		521FC22223EC6B6600446D56 = {
			isa = PBXGroup;
			children = (
				521FC22D23EC6B6600446D56 /* NYTopSeller */,
				521FC22C23EC6B6600446D56 /* Products */,
				521FC24423EC6B6900446D56 /* NYTopSellerTests */,
			);
			sourceTree = "<group>";
		};
		521FC22C23EC6B6600446D56 /* Products */ = {
			isa = PBXGroup;
			children = (
				521FC22B23EC6B6600446D56 /* NYTopSeller.app */,
				521FC24123EC6B6900446D56 /* NYTopSellerTests.xctest */,
			);
			name = Products;
			sourceTree = "<group>";
		};
		521FC22D23EC6B6600446D56 /* NYTopSeller */ = {
			isa = PBXGroup;
			children = (
				521FC25E23EC6E4800446D56 /* APIClient */,
				521FC25B23EC6E3100446D56 /* Model */,
				521FC25123EC6C0700446D56 /* TabBar */,
				521FC26123EC711600446D56 /* Views */,
				521FC25423EC6C2400446D56 /* View Controllers */,
				521FC22E23EC6B6600446D56 /* AppDelegate.swift */,
				521FC23023EC6B6600446D56 /* SceneDelegate.swift */,
				521FC23723EC6B6900446D56 /* Assets.xcassets */,
				521FC23923EC6B6900446D56 /* LaunchScreen.storyboard */,
				521FC23C23EC6B6900446D56 /* Info.plist */,
			);
			path = NYTopSeller;
			sourceTree = "<group>";
		};
		521FC24423EC6B6900446D56 /* NYTopSellerTests */ = {
			isa = PBXGroup;
			children = (
				521FC24523EC6B6900446D56 /* NYTopSellerTests.swift */,
				521FC24723EC6B6900446D56 /* Info.plist */,
			);
			path = NYTopSellerTests;
			sourceTree = "<group>";
		};
		521FC25123EC6C0700446D56 /* TabBar */ = {
			isa = PBXGroup;
			children = (
				521FC25223EC6C1D00446D56 /* TabBarVC.swift */,
			);
			path = TabBar;
			sourceTree = "<group>";
		};
		521FC25423EC6C2400446D56 /* View Controllers */ = {
			isa = PBXGroup;
			children = (
				521FC25523EC6DE300446D56 /* NewsFeedVC.swift */,
				521FC25723EC6DEF00446D56 /* ReadLaterVC.swift */,
				521FC25923EC6E0900446D56 /* SettingsVC.swift */,
			);
			path = "View Controllers";
			sourceTree = "<group>";
		};
		521FC25B23EC6E3100446D56 /* Model */ = {
			isa = PBXGroup;
			children = (
				521FC25C23EC6E3D00446D56 /* Model.swift */,
			);
			path = Model;
			sourceTree = "<group>";
		};
		521FC25E23EC6E4800446D56 /* APIClient */ = {
			isa = PBXGroup;
			children = (
				521FC25F23EC6E5C00446D56 /* NYTimesAPI.swift */,
			);
			path = APIClient;
			sourceTree = "<group>";
		};
		521FC26123EC711600446D56 /* Views */ = {
			isa = PBXGroup;
			children = (
				521FC26223EC714000446D56 /* NewsFeedView.swift */,
			);
			path = Views;
			sourceTree = "<group>";
		};
/* End PBXGroup section */

/* Begin PBXNativeTarget section */
		521FC22A23EC6B6600446D56 /* NYTopSeller */ = {
			isa = PBXNativeTarget;
			buildConfigurationList = 521FC24A23EC6B6900446D56 /* Build configuration list for PBXNativeTarget "NYTopSeller" */;
			buildPhases = (
				521FC22723EC6B6600446D56 /* Sources */,
				521FC22823EC6B6600446D56 /* Frameworks */,
				521FC22923EC6B6600446D56 /* Resources */,
			);
			buildRules = (
			);
			dependencies = (
			);
			name = NYTopSeller;
			packageProductDependencies = (
				521FC26523EC865000446D56 /* ImageKit */,
			);
			productName = NYTopSeller;
			productReference = 521FC22B23EC6B6600446D56 /* NYTopSeller.app */;
			productType = "com.apple.product-type.application";
		};
		521FC24023EC6B6900446D56 /* NYTopSellerTests */ = {
			isa = PBXNativeTarget;
			buildConfigurationList = 521FC24D23EC6B6900446D56 /* Build configuration list for PBXNativeTarget "NYTopSellerTests" */;
			buildPhases = (
				521FC23D23EC6B6900446D56 /* Sources */,
				521FC23E23EC6B6900446D56 /* Frameworks */,
				521FC23F23EC6B6900446D56 /* Resources */,
			);
			buildRules = (
			);
			dependencies = (
				521FC24323EC6B6900446D56 /* PBXTargetDependency */,
			);
			name = NYTopSellerTests;
			productName = NYTopSellerTests;
			productReference = 521FC24123EC6B6900446D56 /* NYTopSellerTests.xctest */;
			productType = "com.apple.product-type.bundle.unit-test";
		};
/* End PBXNativeTarget section */

/* Begin PBXProject section */
		521FC22323EC6B6600446D56 /* Project object */ = {
			isa = PBXProject;
			attributes = {
				LastSwiftUpdateCheck = 1130;
				LastUpgradeCheck = 1130;
				ORGANIZATIONNAME = "Tsering Lama";
				TargetAttributes = {
					521FC22A23EC6B6600446D56 = {
						CreatedOnToolsVersion = 11.3.1;
					};
					521FC24023EC6B6900446D56 = {
						CreatedOnToolsVersion = 11.3.1;
						TestTargetID = 521FC22A23EC6B6600446D56;
					};
				};
			};
			buildConfigurationList = 521FC22623EC6B6600446D56 /* Build configuration list for PBXProject "NYTopSeller" */;
			compatibilityVersion = "Xcode 9.3";
			developmentRegion = en;
			hasScannedForEncodings = 0;
			knownRegions = (
				en,
				Base,
			);
			mainGroup = 521FC22223EC6B6600446D56;
			packageReferences = (
				521FC26423EC865000446D56 /* XCRemoteSwiftPackageReference "ImageKit" */,
			);
			productRefGroup = 521FC22C23EC6B6600446D56 /* Products */;
			projectDirPath = "";
			projectRoot = "";
			targets = (
				521FC22A23EC6B6600446D56 /* NYTopSeller */,
				521FC24023EC6B6900446D56 /* NYTopSellerTests */,
			);
		};
/* End PBXProject section */

/* Begin PBXResourcesBuildPhase section */
		521FC22923EC6B6600446D56 /* Resources */ = {
			isa = PBXResourcesBuildPhase;
			buildActionMask = 2147483647;
			files = (
				521FC23B23EC6B6900446D56 /* LaunchScreen.storyboard in Resources */,
				521FC23823EC6B6900446D56 /* Assets.xcassets in Resources */,
			);
			runOnlyForDeploymentPostprocessing = 0;
		};
		521FC23F23EC6B6900446D56 /* Resources */ = {
			isa = PBXResourcesBuildPhase;
			buildActionMask = 2147483647;
			files = (
			);
			runOnlyForDeploymentPostprocessing = 0;
		};
/* End PBXResourcesBuildPhase section */

/* Begin PBXSourcesBuildPhase section */
		521FC22723EC6B6600446D56 /* Sources */ = {
			isa = PBXSourcesBuildPhase;
			buildActionMask = 2147483647;
			files = (
				521FC25D23EC6E3D00446D56 /* Model.swift in Sources */,
				521FC25323EC6C1D00446D56 /* TabBarVC.swift in Sources */,
				521FC25623EC6DE300446D56 /* NewsFeedVC.swift in Sources */,
				521FC25823EC6DEF00446D56 /* ReadLaterVC.swift in Sources */,
				521FC22F23EC6B6600446D56 /* AppDelegate.swift in Sources */,
				521FC23123EC6B6600446D56 /* SceneDelegate.swift in Sources */,
				521FC26323EC714000446D56 /* NewsFeedView.swift in Sources */,
				521FC26023EC6E5C00446D56 /* NYTimesAPI.swift in Sources */,
				521FC25A23EC6E0900446D56 /* SettingsVC.swift in Sources */,
			);
			runOnlyForDeploymentPostprocessing = 0;
		};
		521FC23D23EC6B6900446D56 /* Sources */ = {
			isa = PBXSourcesBuildPhase;
			buildActionMask = 2147483647;
			files = (
				521FC24623EC6B6900446D56 /* NYTopSellerTests.swift in Sources */,
			);
			runOnlyForDeploymentPostprocessing = 0;
		};
/* End PBXSourcesBuildPhase section */

/* Begin PBXTargetDependency section */
		521FC24323EC6B6900446D56 /* PBXTargetDependency */ = {
			isa = PBXTargetDependency;
			target = 521FC22A23EC6B6600446D56 /* NYTopSeller */;
			targetProxy = 521FC24223EC6B6900446D56 /* PBXContainerItemProxy */;
		};
/* End PBXTargetDependency section */

/* Begin PBXVariantGroup section */
		521FC23923EC6B6900446D56 /* LaunchScreen.storyboard */ = {
			isa = PBXVariantGroup;
			children = (
				521FC23A23EC6B6900446D56 /* Base */,
			);
			name = LaunchScreen.storyboard;
			sourceTree = "<group>";
		};
/* End PBXVariantGroup section */

/* Begin XCBuildConfiguration section */
		521FC24823EC6B6900446D56 /* Debug */ = {
			isa = XCBuildConfiguration;
			buildSettings = {
				ALWAYS_SEARCH_USER_PATHS = NO;
				CLANG_ANALYZER_NONNULL = YES;
				CLANG_ANALYZER_NUMBER_OBJECT_CONVERSION = YES_AGGRESSIVE;
				CLANG_CXX_LANGUAGE_STANDARD = "gnu++14";
				CLANG_CXX_LIBRARY = "libc++";
				CLANG_ENABLE_MODULES = YES;
				CLANG_ENABLE_OBJC_ARC = YES;
				CLANG_ENABLE_OBJC_WEAK = YES;
				CLANG_WARN_BLOCK_CAPTURE_AUTORELEASING = YES;
				CLANG_WARN_BOOL_CONVERSION = YES;
				CLANG_WARN_COMMA = YES;
				CLANG_WARN_CONSTANT_CONVERSION = YES;
				CLANG_WARN_DEPRECATED_OBJC_IMPLEMENTATIONS = YES;
				CLANG_WARN_DIRECT_OBJC_ISA_USAGE = YES_ERROR;
				CLANG_WARN_DOCUMENTATION_COMMENTS = YES;
				CLANG_WARN_EMPTY_BODY = YES;
				CLANG_WARN_ENUM_CONVERSION = YES;
				CLANG_WARN_INFINITE_RECURSION = YES;
				CLANG_WARN_INT_CONVERSION = YES;
				CLANG_WARN_NON_LITERAL_NULL_CONVERSION = YES;
				CLANG_WARN_OBJC_IMPLICIT_RETAIN_SELF = YES;
				CLANG_WARN_OBJC_LITERAL_CONVERSION = YES;
				CLANG_WARN_OBJC_ROOT_CLASS = YES_ERROR;
				CLANG_WARN_RANGE_LOOP_ANALYSIS = YES;
				CLANG_WARN_STRICT_PROTOTYPES = YES;
				CLANG_WARN_SUSPICIOUS_MOVE = YES;
				CLANG_WARN_UNGUARDED_AVAILABILITY = YES_AGGRESSIVE;
				CLANG_WARN_UNREACHABLE_CODE = YES;
				CLANG_WARN__DUPLICATE_METHOD_MATCH = YES;
				COPY_PHASE_STRIP = NO;
				DEBUG_INFORMATION_FORMAT = dwarf;
				ENABLE_STRICT_OBJC_MSGSEND = YES;
				ENABLE_TESTABILITY = YES;
				GCC_C_LANGUAGE_STANDARD = gnu11;
				GCC_DYNAMIC_NO_PIC = NO;
				GCC_NO_COMMON_BLOCKS = YES;
				GCC_OPTIMIZATION_LEVEL = 0;
				GCC_PREPROCESSOR_DEFINITIONS = (
					"DEBUG=1",
					"$(inherited)",
				);
				GCC_WARN_64_TO_32_BIT_CONVERSION = YES;
				GCC_WARN_ABOUT_RETURN_TYPE = YES_ERROR;
				GCC_WARN_UNDECLARED_SELECTOR = YES;
				GCC_WARN_UNINITIALIZED_AUTOS = YES_AGGRESSIVE;
				GCC_WARN_UNUSED_FUNCTION = YES;
				GCC_WARN_UNUSED_VARIABLE = YES;
				IPHONEOS_DEPLOYMENT_TARGET = 13.2;
				MTL_ENABLE_DEBUG_INFO = INCLUDE_SOURCE;
				MTL_FAST_MATH = YES;
				ONLY_ACTIVE_ARCH = YES;
				SDKROOT = iphoneos;
				SWIFT_ACTIVE_COMPILATION_CONDITIONS = DEBUG;
				SWIFT_OPTIMIZATION_LEVEL = "-Onone";
			};
			name = Debug;
		};
		521FC24923EC6B6900446D56 /* Release */ = {
			isa = XCBuildConfiguration;
			buildSettings = {
				ALWAYS_SEARCH_USER_PATHS = NO;
				CLANG_ANALYZER_NONNULL = YES;
				CLANG_ANALYZER_NUMBER_OBJECT_CONVERSION = YES_AGGRESSIVE;
				CLANG_CXX_LANGUAGE_STANDARD = "gnu++14";
				CLANG_CXX_LIBRARY = "libc++";
				CLANG_ENABLE_MODULES = YES;
				CLANG_ENABLE_OBJC_ARC = YES;
				CLANG_ENABLE_OBJC_WEAK = YES;
				CLANG_WARN_BLOCK_CAPTURE_AUTORELEASING = YES;
				CLANG_WARN_BOOL_CONVERSION = YES;
				CLANG_WARN_COMMA = YES;
				CLANG_WARN_CONSTANT_CONVERSION = YES;
				CLANG_WARN_DEPRECATED_OBJC_IMPLEMENTATIONS = YES;
				CLANG_WARN_DIRECT_OBJC_ISA_USAGE = YES_ERROR;
				CLANG_WARN_DOCUMENTATION_COMMENTS = YES;
				CLANG_WARN_EMPTY_BODY = YES;
				CLANG_WARN_ENUM_CONVERSION = YES;
				CLANG_WARN_INFINITE_RECURSION = YES;
				CLANG_WARN_INT_CONVERSION = YES;
				CLANG_WARN_NON_LITERAL_NULL_CONVERSION = YES;
				CLANG_WARN_OBJC_IMPLICIT_RETAIN_SELF = YES;
				CLANG_WARN_OBJC_LITERAL_CONVERSION = YES;
				CLANG_WARN_OBJC_ROOT_CLASS = YES_ERROR;
				CLANG_WARN_RANGE_LOOP_ANALYSIS = YES;
				CLANG_WARN_STRICT_PROTOTYPES = YES;
				CLANG_WARN_SUSPICIOUS_MOVE = YES;
				CLANG_WARN_UNGUARDED_AVAILABILITY = YES_AGGRESSIVE;
				CLANG_WARN_UNREACHABLE_CODE = YES;
				CLANG_WARN__DUPLICATE_METHOD_MATCH = YES;
				COPY_PHASE_STRIP = NO;
				DEBUG_INFORMATION_FORMAT = "dwarf-with-dsym";
				ENABLE_NS_ASSERTIONS = NO;
				ENABLE_STRICT_OBJC_MSGSEND = YES;
				GCC_C_LANGUAGE_STANDARD = gnu11;
				GCC_NO_COMMON_BLOCKS = YES;
				GCC_WARN_64_TO_32_BIT_CONVERSION = YES;
				GCC_WARN_ABOUT_RETURN_TYPE = YES_ERROR;
				GCC_WARN_UNDECLARED_SELECTOR = YES;
				GCC_WARN_UNINITIALIZED_AUTOS = YES_AGGRESSIVE;
				GCC_WARN_UNUSED_FUNCTION = YES;
				GCC_WARN_UNUSED_VARIABLE = YES;
				IPHONEOS_DEPLOYMENT_TARGET = 13.2;
				MTL_ENABLE_DEBUG_INFO = NO;
				MTL_FAST_MATH = YES;
				SDKROOT = iphoneos;
				SWIFT_COMPILATION_MODE = wholemodule;
				SWIFT_OPTIMIZATION_LEVEL = "-O";
				VALIDATE_PRODUCT = YES;
			};
			name = Release;
		};
		521FC24B23EC6B6900446D56 /* Debug */ = {
			isa = XCBuildConfiguration;
			buildSettings = {
				ASSETCATALOG_COMPILER_APPICON_NAME = AppIcon;
				CODE_SIGN_STYLE = Automatic;
				DEVELOPMENT_TEAM = 83DYP84L8W;
				INFOPLIST_FILE = NYTopSeller/Info.plist;
				LD_RUNPATH_SEARCH_PATHS = (
					"$(inherited)",
					"@executable_path/Frameworks",
				);
				PRODUCT_BUNDLE_IDENTIFIER = org.pursuit.NYTopSeller;
				PRODUCT_NAME = "$(TARGET_NAME)";
				SWIFT_VERSION = 5.0;
				TARGETED_DEVICE_FAMILY = "1,2";
			};
			name = Debug;
		};
		521FC24C23EC6B6900446D56 /* Release */ = {
			isa = XCBuildConfiguration;
			buildSettings = {
				ASSETCATALOG_COMPILER_APPICON_NAME = AppIcon;
				CODE_SIGN_STYLE = Automatic;
				DEVELOPMENT_TEAM = 83DYP84L8W;
				INFOPLIST_FILE = NYTopSeller/Info.plist;
				LD_RUNPATH_SEARCH_PATHS = (
					"$(inherited)",
					"@executable_path/Frameworks",
				);
				PRODUCT_BUNDLE_IDENTIFIER = org.pursuit.NYTopSeller;
				PRODUCT_NAME = "$(TARGET_NAME)";
				SWIFT_VERSION = 5.0;
				TARGETED_DEVICE_FAMILY = "1,2";
			};
			name = Release;
		};
		521FC24E23EC6B6900446D56 /* Debug */ = {
			isa = XCBuildConfiguration;
			buildSettings = {
				ALWAYS_EMBED_SWIFT_STANDARD_LIBRARIES = YES;
				BUNDLE_LOADER = "$(TEST_HOST)";
				CODE_SIGN_STYLE = Automatic;
				DEVELOPMENT_TEAM = 83DYP84L8W;
				INFOPLIST_FILE = NYTopSellerTests/Info.plist;
				IPHONEOS_DEPLOYMENT_TARGET = 13.2;
				LD_RUNPATH_SEARCH_PATHS = (
					"$(inherited)",
					"@executable_path/Frameworks",
					"@loader_path/Frameworks",
				);
				PRODUCT_BUNDLE_IDENTIFIER = org.pursuit.NYTopSellerTests;
				PRODUCT_NAME = "$(TARGET_NAME)";
				SWIFT_VERSION = 5.0;
				TARGETED_DEVICE_FAMILY = "1,2";
				TEST_HOST = "$(BUILT_PRODUCTS_DIR)/NYTopSeller.app/NYTopSeller";
			};
			name = Debug;
		};
		521FC24F23EC6B6900446D56 /* Release */ = {
			isa = XCBuildConfiguration;
			buildSettings = {
				ALWAYS_EMBED_SWIFT_STANDARD_LIBRARIES = YES;
				BUNDLE_LOADER = "$(TEST_HOST)";
				CODE_SIGN_STYLE = Automatic;
				DEVELOPMENT_TEAM = 83DYP84L8W;
				INFOPLIST_FILE = NYTopSellerTests/Info.plist;
				IPHONEOS_DEPLOYMENT_TARGET = 13.2;
				LD_RUNPATH_SEARCH_PATHS = (
					"$(inherited)",
					"@executable_path/Frameworks",
					"@loader_path/Frameworks",
				);
				PRODUCT_BUNDLE_IDENTIFIER = org.pursuit.NYTopSellerTests;
				PRODUCT_NAME = "$(TARGET_NAME)";
				SWIFT_VERSION = 5.0;
				TARGETED_DEVICE_FAMILY = "1,2";
				TEST_HOST = "$(BUILT_PRODUCTS_DIR)/NYTopSeller.app/NYTopSeller";
			};
			name = Release;
		};
/* End XCBuildConfiguration section */

/* Begin XCConfigurationList section */
		521FC22623EC6B6600446D56 /* Build configuration list for PBXProject "NYTopSeller" */ = {
			isa = XCConfigurationList;
			buildConfigurations = (
				521FC24823EC6B6900446D56 /* Debug */,
				521FC24923EC6B6900446D56 /* Release */,
			);
			defaultConfigurationIsVisible = 0;
			defaultConfigurationName = Release;
		};
		521FC24A23EC6B6900446D56 /* Build configuration list for PBXNativeTarget "NYTopSeller" */ = {
			isa = XCConfigurationList;
			buildConfigurations = (
				521FC24B23EC6B6900446D56 /* Debug */,
				521FC24C23EC6B6900446D56 /* Release */,
			);
			defaultConfigurationIsVisible = 0;
			defaultConfigurationName = Release;
		};
		521FC24D23EC6B6900446D56 /* Build configuration list for PBXNativeTarget "NYTopSellerTests" */ = {
			isa = XCConfigurationList;
			buildConfigurations = (
				521FC24E23EC6B6900446D56 /* Debug */,
				521FC24F23EC6B6900446D56 /* Release */,
			);
			defaultConfigurationIsVisible = 0;
			defaultConfigurationName = Release;
		};
/* End XCConfigurationList section */

/* Begin XCRemoteSwiftPackageReference section */
		521FC26423EC865000446D56 /* XCRemoteSwiftPackageReference "ImageKit" */ = {
			isa = XCRemoteSwiftPackageReference;
			repositoryURL = "https://github.com/alexpaul/ImageKit.git";
			requirement = {
				kind = upToNextMajorVersion;
				minimumVersion = 1.0.4;
			};
		};
/* End XCRemoteSwiftPackageReference section */

/* Begin XCSwiftPackageProductDependency section */
		521FC26523EC865000446D56 /* ImageKit */ = {
			isa = XCSwiftPackageProductDependency;
			package = 521FC26423EC865000446D56 /* XCRemoteSwiftPackageReference "ImageKit" */;
			productName = ImageKit;
		};
/* End XCSwiftPackageProductDependency section */
	};
	rootObject = 521FC22323EC6B6600446D56 /* Project object */;
}
